
Microsoft Visual Studio Solution File, Format Version 12.00
# Visual Studio Version 16
VisualStudioVersion = 16.0.30717.126
MinimumVisualStudioVersion = 10.0.40219.1
Project("{FAE04EC0-301F-11D3-BF4B-00C04F79EFBC}") = "Capa Datos", "Capa Datos\Capa Datos.csproj", "{484BF195-7424-401C-BBE6-ADF25503C7BD}"
EndProject
Project("{FAE04EC0-301F-11D3-BF4B-00C04F79EFBC}") = "Capa Negocio", "Capa Negocio\Capa Negocio.csproj", "{E2592666-62E6-4E29-95FD-8AE9668ADD38}"
EndProject
Project("{FAE04EC0-301F-11D3-BF4B-00C04F79EFBC}") = "Capa Presentacion", "Capa Presentacion\Capa Presentacion.csproj", "{E3ABE961-8CAF-44E5-B321-4E58B9F2B5AC}"
EndProject
Global
	GlobalSection(SolutionConfigurationPlatforms) = preSolution
		Debug|Any CPU = Debug|Any CPU
		Release|Any CPU = Release|Any CPU
	EndGlobalSection
	GlobalSection(ProjectConfigurationPlatforms) = postSolution
		{484BF195-7424-401C-BBE6-ADF25503C7BD}.Debug|Any CPU.ActiveCfg = Debug|Any CPU
		{484BF195-7424-401C-BBE6-ADF25503C7BD}.Debug|Any CPU.Build.0 = Debug|Any CPU
		{484BF195-7424-401C-BBE6-ADF25503C7BD}.Release|Any CPU.ActiveCfg = Release|Any CPU
		{484BF195-7424-401C-BBE6-ADF25503C7BD}.Release|Any CPU.Build.0 = Release|Any CPU
		{E2592666-62E6-4E29-95FD-8AE9668ADD38}.Debug|Any CPU.ActiveCfg = Debug|Any CPU
		{E2592666-62E6-4E29-95FD-8AE9668ADD38}.Debug|Any CPU.Build.0 = Debug|Any CPU
		{E2592666-62E6-4E29-95FD-8AE9668ADD38}.Release|Any CPU.ActiveCfg = Release|Any CPU
		{E2592666-62E6-4E29-95FD-8AE9668ADD38}.Release|Any CPU.Build.0 = Release|Any CPU
		{E3ABE961-8CAF-44E5-B321-4E58B9F2B5AC}.Debug|Any CPU.ActiveCfg = Debug|Any CPU
		{E3ABE961-8CAF-44E5-B321-4E58B9F2B5AC}.Debug|Any CPU.Build.0 = Debug|Any CPU
		{E3ABE961-8CAF-44E5-B321-4E58B9F2B5AC}.Release|Any CPU.ActiveCfg = Release|Any CPU
		{E3ABE961-8CAF-44E5-B321-4E58B9F2B5AC}.Release|Any CPU.Build.0 = Release|Any CPU
	EndGlobalSection
	GlobalSection(SolutionProperties) = preSolution
		HideSolutionNode = FALSE
	EndGlobalSection
	GlobalSection(ExtensibilityGlobals) = postSolution
		SolutionGuid = {48527759-3C64-48FD-96F5-609EAEF9FB45}
	EndGlobalSection
EndGlobal
